
Microsoft Visual Studio Solution File, Format Version 12.00
# Visual Studio 15
VisualStudioVersion = 15.0.27130.2024
MinimumVisualStudioVersion = 10.0.40219.1
Project("{888888A0-9F3D-457C-B088-3A5042F75D52}") = "DatabaseFun", "DatabaseFun\DatabaseFun.pyproj", "{84C327B6-475F-4B87-9FF7-5C3B36C673CE}"
EndProject
Global
	GlobalSection(SolutionConfigurationPlatforms) = preSolution
		Debug|Any CPU = Debug|Any CPU
		Release|Any CPU = Release|Any CPU
	EndGlobalSection
	GlobalSection(ProjectConfigurationPlatforms) = postSolution
		{84C327B6-475F-4B87-9FF7-5C3B36C673CE}.Debug|Any CPU.ActiveCfg = Debug|Any CPU
		{84C327B6-475F-4B87-9FF7-5C3B36C673CE}.Debug|Any CPU.Build.0 = Debug|Any CPU
		{84C327B6-475F-4B87-9FF7-5C3B36C673CE}.Release|Any CPU.ActiveCfg = Release|Any CPU
		{84C327B6-475F-4B87-9FF7-5C3B36C673CE}.Release|Any CPU.Build.0 = Release|Any CPU
	EndGlobalSection
	GlobalSection(SolutionProperties) = preSolution
		HideSolutionNode = FALSE
	EndGlobalSection
	GlobalSection(ExtensibilityGlobals) = postSolution
		SolutionGuid = {8D854649-6777-473D-A9B4-C72BC156AB8B}
	EndGlobalSection
EndGlobal
